
Microsoft Visual Studio Solution File, Format Version 12.00
# Visual Studio Version 16
VisualStudioVersion = 16.0.28803.452
MinimumVisualStudioVersion = 10.0.40219.1
Project("{9A19103F-16F7-4668-BE54-9A1E7A4F7556}") = "Machine Learning", "Machine Learning\Machine Learning.csproj", "{517345D8-7AAE-4D9C-B601-CF9E03B33252}"
EndProject
Project("{9A19103F-16F7-4668-BE54-9A1E7A4F7556}") = "Machine Learning GUI", "Machine Learning GUI\Machine Learning GUI.csproj", "{6F96F1A2-D64C-4C87-9CF8-E1C59FA340AA}"
EndProject
Global
	GlobalSection(SolutionConfigurationPlatforms) = preSolution
		Debug|Any CPU = Debug|Any CPU
		Release|Any CPU = Release|Any CPU
	EndGlobalSection
	GlobalSection(ProjectConfigurationPlatforms) = postSolution
		{517345D8-7AAE-4D9C-B601-CF9E03B33252}.Debug|Any CPU.ActiveCfg = Debug|Any CPU
		{517345D8-7AAE-4D9C-B601-CF9E03B33252}.Debug|Any CPU.Build.0 = Debug|Any CPU
		{517345D8-7AAE-4D9C-B601-CF9E03B33252}.Release|Any CPU.ActiveCfg = Release|Any CPU
		{517345D8-7AAE-4D9C-B601-CF9E03B33252}.Release|Any CPU.Build.0 = Release|Any CPU
		{6F96F1A2-D64C-4C87-9CF8-E1C59FA340AA}.Debug|Any CPU.ActiveCfg = Debug|Any CPU
		{6F96F1A2-D64C-4C87-9CF8-E1C59FA340AA}.Debug|Any CPU.Build.0 = Debug|Any CPU
		{6F96F1A2-D64C-4C87-9CF8-E1C59FA340AA}.Release|Any CPU.ActiveCfg = Release|Any CPU
		{6F96F1A2-D64C-4C87-9CF8-E1C59FA340AA}.Release|Any CPU.Build.0 = Release|Any CPU
	EndGlobalSection
	GlobalSection(SolutionProperties) = preSolution
		HideSolutionNode = FALSE
	EndGlobalSection
	GlobalSection(ExtensibilityGlobals) = postSolution
		SolutionGuid = {FCF10ACE-9066-4019-B9BA-4081FEA34479}
	EndGlobalSection
EndGlobal
